PODS:
  - SwiftLocationManager (0.1.0)

DEPENDENCIES:
  - SwiftLocationManager (from `../`)

EXTERNAL SOURCES:
  SwiftLocationManager:
    :path: "../"

SPEC CHECKSUMS:
  SwiftLocationManager: 3f7f5e84c91237f6ed1b87aefcc1540280281eef

PODFILE CHECKSUM: eb5338dae3b23f9cdf9f3c569f4388998732072f

COCOAPODS: 1.1.0
